
Microsoft Visual Studio Solution File, Format Version 12.00
# Visual Studio Version 17
VisualStudioVersion = 17.1.32210.238
MinimumVisualStudioVersion = 10.0.40219.1
Project("{FAE04EC0-301F-11D3-BF4B-00C04F79EFBC}") = "CSE", "CSE\CSE.csproj", "{EAD3A1B0-118B-45CD-94D7-DBBF352482FF}"
EndProject
Project("{FAE04EC0-301F-11D3-BF4B-00C04F79EFBC}") = "APCSA", "APCSA\APCSA.csproj", "{D22F16C6-2C36-40A3-97BE-9A7B54B870F0}"
EndProject
Global
	GlobalSection(SolutionConfigurationPlatforms) = preSolution
		Debug|Any CPU = Debug|Any CPU
		Release|Any CPU = Release|Any CPU
	EndGlobalSection
	GlobalSection(ProjectConfigurationPlatforms) = postSolution
		{EAD3A1B0-118B-45CD-94D7-DBBF352482FF}.Debug|Any CPU.ActiveCfg = Debug|Any CPU
		{EAD3A1B0-118B-45CD-94D7-DBBF352482FF}.Debug|Any CPU.Build.0 = Debug|Any CPU
		{EAD3A1B0-118B-45CD-94D7-DBBF352482FF}.Release|Any CPU.ActiveCfg = Release|Any CPU
		{EAD3A1B0-118B-45CD-94D7-DBBF352482FF}.Release|Any CPU.Build.0 = Release|Any CPU
		{D22F16C6-2C36-40A3-97BE-9A7B54B870F0}.Debug|Any CPU.ActiveCfg = Debug|Any CPU
		{D22F16C6-2C36-40A3-97BE-9A7B54B870F0}.Debug|Any CPU.Build.0 = Debug|Any CPU
		{D22F16C6-2C36-40A3-97BE-9A7B54B870F0}.Release|Any CPU.ActiveCfg = Release|Any CPU
		{D22F16C6-2C36-40A3-97BE-9A7B54B870F0}.Release|Any CPU.Build.0 = Release|Any CPU
	EndGlobalSection
	GlobalSection(SolutionProperties) = preSolution
		HideSolutionNode = FALSE
	EndGlobalSection
	GlobalSection(ExtensibilityGlobals) = postSolution
		SolutionGuid = {6D61BDDB-3AD6-4B1B-9D0A-99748903C743}
	EndGlobalSection
EndGlobal
